
Microsoft Visual Studio Solution File, Format Version 12.00
# Visual Studio Version 16
VisualStudioVersion = 16.0.29123.88
MinimumVisualStudioVersion = 10.0.40219.1
Project("{8BC9CEB8-8B4A-11D0-8D11-00A0C91BC942}") = "Chapter07ImageTransfrom", "Chapter07ImageTransfrom.vcxproj", "{345E2481-0FD0-4792-9C09-9FF76C23D132}"
EndProject
Global
	GlobalSection(SolutionConfigurationPlatforms) = preSolution
		Debug|x64 = Debug|x64
		Debug|x86 = Debug|x86
		Release|x64 = Release|x64
		Release|x86 = Release|x86
	EndGlobalSection
	GlobalSection(ProjectConfigurationPlatforms) = postSolution
		{345E2481-0FD0-4792-9C09-9FF76C23D132}.Debug|x64.ActiveCfg = Debug|x64
		{345E2481-0FD0-4792-9C09-9FF76C23D132}.Debug|x64.Build.0 = Debug|x64
		{345E2481-0FD0-4792-9C09-9FF76C23D132}.Debug|x86.ActiveCfg = Debug|Win32
		{345E2481-0FD0-4792-9C09-9FF76C23D132}.Debug|x86.Build.0 = Debug|Win32
		{345E2481-0FD0-4792-9C09-9FF76C23D132}.Release|x64.ActiveCfg = Release|x64
		{345E2481-0FD0-4792-9C09-9FF76C23D132}.Release|x64.Build.0 = Release|x64
		{345E2481-0FD0-4792-9C09-9FF76C23D132}.Release|x86.ActiveCfg = Release|Win32
		{345E2481-0FD0-4792-9C09-9FF76C23D132}.Release|x86.Build.0 = Release|Win32
	EndGlobalSection
	GlobalSection(SolutionProperties) = preSolution
		HideSolutionNode = FALSE
	EndGlobalSection
	GlobalSection(ExtensibilityGlobals) = postSolution
		SolutionGuid = {B0373611-A011-47FE-B872-27DA76D348B9}
	EndGlobalSection
EndGlobal
